NeoBundleLock Comceal 32fcb09e4c1ca1b2451a32e91dec0c423741f626
NeoBundleLock PIV 7f83642c439c0d067e64b7caa7974ebcbaf0d563
NeoBundleLock TaskList.vim 8e2dfdcc6e13d8afab5b3f620ee06ebb29b786f9
NeoBundleLock ag.vim 6600953fc7c85ca43216abf4765118994bf0cc5f
NeoBundleLock ctrlp-py-matcher 08b98ff7ba5191616fa4f099a63cdcbad70a0c0f
NeoBundleLock ctrlp.vim 564176f01d7f3f7f8ab452ff4e1f5314de7b0981
NeoBundleLock delimitMate 8bc47fd1c40cdad9ea1f36c0cf13592c70ea65e9
NeoBundleLock emmet-vim 41f005e74095cfb516386338aececadbd8478247
NeoBundleLock gundo.vim dd5ab1e930deb8c74ea9046654dd0587df0cf459
NeoBundleLock neobundle.vim 25a92fb97e8fce64ca7a337b20fa9d3dd8b81e93
NeoBundleLock neocomplete.vim 4c108ddadcf44c83c2ee38e5ac0dc8b0b31ed9a8
NeoBundleLock nerdtree 4ebbb533c3faf2c480211db2b547972bb3b60f2b
NeoBundleLock python-mode 4bda3035ce9523a6d31792bc6c22ce2b9e0ae9a3
NeoBundleLock rainbow 18b7bc1b721f32fcabe740e098d693eace6ad655
NeoBundleLock slimv a14eb4abf7dfe0728dcfdc0fc706030f7a531370
NeoBundleLock tplugin_vim e3cf28a40cc740c5bf66c71bcba11a17c0e0f94d
NeoBundleLock unite.vim da791c335135fbd460caa8c8e4671e324ef1f328
NeoBundleLock vdbi-vim 3b2fa6425a07838821e47206728b206626066d25
NeoBundleLock vdebug 604cc62239a59d9388630526313f3d1433009629
NeoBundleLock vim-airline 01383136565840a63aa056b82c74be40afcb8ba3
NeoBundleLock vim-autotag 22ebd9651a504453023324f1d9b4e5906b9e498e
NeoBundleLock vim-bbye a018cbc1ba63b1a8b86b7c468645e7642637ec4a
NeoBundleLock vim-bookmarks c1cfec17fd81f51411e559ea32c97ce8f5510b0c
NeoBundleLock vim-bufferline 57f0e8afff4af59fbfaf557ca6b584209cbedda3
NeoBundleLock vim-coffee-script 32fe889b8cafd3a4921ef8e6485156453ff58c42
NeoBundleLock vim-commentary e0f4850d78137a35b9461c530078bd77f39e4dce
NeoBundleLock vim-easy-align 7cb559eb70600bbd81afbb2d7f60d98334f631e2
NeoBundleLock vim-easymotion a21d4474f0e9df7a721246e0a3b386068901965f
NeoBundleLock vim-fugitive 18d6d1ab82d9ac15586d7d3c1a36f9ef6fb50eae
NeoBundleLock vim-git 1f6f40f05363df4a4b0d38b163267f5ec5064ded
NeoBundleLock vim-monokai 9f1a9d07a54505a69bd5447e216ded19e2ebe97f
NeoBundleLock vim-multiple-cursors 0dfd3f91b0ea1c70be8873d0a9e5c7d00369610f
NeoBundleLock vim-nerdtree-tabs 0decec122e9bb3e9328b01fa20a9650e79cc6ca7
NeoBundleLock vim-polyglot f8a0fb37bf57fdf705747cc3aacbe50b6b2d6482
NeoBundleLock vim-python-pep8-indent f4f95ee041370e3e79bb72cb9b360a4ec5707785
NeoBundleLock vim-surround 2d05440ad23f97a7874ebd9b5de3a0e65d25d85c
NeoBundleLock vim-trailing-whitespace 478b217d299b6f5938b43a4929d6bb0907cc3a56
NeoBundleLock vim-wakatime 6cf829f08d72ffe56a794a2e4ada5689e7d68237
NeoBundleLock webapi-vim dfc60635e610f9200646a84d11887af9e3d50b10
